
Microsoft Visual Studio Solution File, Format Version 12.00
# Visual Studio Version 17
VisualStudioVersion = 17.10.35013.160
MinimumVisualStudioVersion = 10.0.40219.1
Project("{FAE04EC0-301F-11D3-BF4B-00C04F79EFBC}") = "TaskExceptionCatcher", "TaskExceptionCatcher\TaskExceptionCatcher.csproj", "{C3251EEA-9E5A-40D1-984A-A4B617824AA2}"
EndProject
Project("{FAE04EC0-301F-11D3-BF4B-00C04F79EFBC}") = "TaskExceptionCatcher.Tests", "TaskExceptionCatcher.Tests\TaskExceptionCatcher.Tests.csproj", "{601CAEDB-1861-49A6-BA07-33C41688C98D}"
EndProject
Global
	GlobalSection(SolutionConfigurationPlatforms) = preSolution
		Debug|Any CPU = Debug|Any CPU
		Release|Any CPU = Release|Any CPU
	EndGlobalSection
	GlobalSection(ProjectConfigurationPlatforms) = postSolution
		{C3251EEA-9E5A-40D1-984A-A4B617824AA2}.Debug|Any CPU.ActiveCfg = Debug|Any CPU
		{C3251EEA-9E5A-40D1-984A-A4B617824AA2}.Debug|Any CPU.Build.0 = Debug|Any CPU
		{C3251EEA-9E5A-40D1-984A-A4B617824AA2}.Release|Any CPU.ActiveCfg = Release|Any CPU
		{C3251EEA-9E5A-40D1-984A-A4B617824AA2}.Release|Any CPU.Build.0 = Release|Any CPU
		{601CAEDB-1861-49A6-BA07-33C41688C98D}.Debug|Any CPU.ActiveCfg = Debug|Any CPU
		{601CAEDB-1861-49A6-BA07-33C41688C98D}.Debug|Any CPU.Build.0 = Debug|Any CPU
		{601CAEDB-1861-49A6-BA07-33C41688C98D}.Release|Any CPU.ActiveCfg = Release|Any CPU
		{601CAEDB-1861-49A6-BA07-33C41688C98D}.Release|Any CPU.Build.0 = Release|Any CPU
	EndGlobalSection
	GlobalSection(SolutionProperties) = preSolution
		HideSolutionNode = FALSE
	EndGlobalSection
	GlobalSection(ExtensibilityGlobals) = postSolution
		SolutionGuid = {F741F38D-772F-4B6E-AFDA-DE0BCAADB63F}
	EndGlobalSection
EndGlobal
